
Microsoft Visual Studio Solution File, Format Version 12.00
# Visual Studio 15
VisualStudioVersion = 15.0.28307.168
MinimumVisualStudioVersion = 10.0.40219.1
Project("{9092AA53-FB77-4645-B42D-1CCCA6BD08BD}") = "NodejsConsoleApp2", "NodejsConsoleApp2\NodejsConsoleApp2.njsproj", "{85FCCAD4-A1B7-4CAB-8E58-2117398B6B62}"
EndProject
Global
	GlobalSection(SolutionConfigurationPlatforms) = preSolution
		Debug|Any CPU = Debug|Any CPU
		Release|Any CPU = Release|Any CPU
	EndGlobalSection
	GlobalSection(ProjectConfigurationPlatforms) = postSolution
		{85FCCAD4-A1B7-4CAB-8E58-2117398B6B62}.Debug|Any CPU.ActiveCfg = Debug|Any CPU
		{85FCCAD4-A1B7-4CAB-8E58-2117398B6B62}.Debug|Any CPU.Build.0 = Debug|Any CPU
		{85FCCAD4-A1B7-4CAB-8E58-2117398B6B62}.Release|Any CPU.ActiveCfg = Release|Any CPU
		{85FCCAD4-A1B7-4CAB-8E58-2117398B6B62}.Release|Any CPU.Build.0 = Release|Any CPU
	EndGlobalSection
	GlobalSection(SolutionProperties) = preSolution
		HideSolutionNode = FALSE
	EndGlobalSection
	GlobalSection(ExtensibilityGlobals) = postSolution
		SolutionGuid = {7116822E-EB33-4B08-95E2-7FD052339929}
	EndGlobalSection
EndGlobal
